# @generated - this file is auto-generated by `mise lock` https://mise.jdx.dev/dev-tools/mise-lock.html

[[tools."nix:gcc"]]
version = "15.2.0"
backend = "nix"

[[tools."nix:probe-rs-tools"]]
version = "0.31.0"
backend = "nix"

[[tools."nix:usbutils"]]
version = "018"
backend = "nix"

[[tools.rust]]
version = "1.93.0"
backend = "core:rust"

[[tools.uv]]
version = "0.10.10"
backend = "aqua:astral-sh/uv"

[tools.uv."platforms.linux-arm64"]
checksum = "sha256:d08c08b82cdcaf2bd3d928ffe844d3558dda53f90066db6ef9174157cc763252"
url = "https://github.com/astral-sh/uv/releases/download/0.10.10/uv-aarch64-unknown-linux-musl.tar.gz"

[tools.uv."platforms.linux-arm64-musl"]
checksum = "sha256:d08c08b82cdcaf2bd3d928ffe844d3558dda53f90066db6ef9174157cc763252"
url = "https://github.com/astral-sh/uv/releases/download/0.10.10/uv-aarch64-unknown-linux-musl.tar.gz"
provenance = "github-attestations"

[tools.uv."platforms.linux-x64"]
checksum = "sha256:74544e8755fbc27559e22e29fd561bdc48f91b8bd8323e760a1130f32433bea4"
url = "https://github.com/astral-sh/uv/releases/download/0.10.10/uv-x86_64-unknown-linux-musl.tar.gz"
provenance = "github-attestations"

[tools.uv."platforms.linux-x64-musl"]
checksum = "sha256:74544e8755fbc27559e22e29fd561bdc48f91b8bd8323e760a1130f32433bea4"
url = "https://github.com/astral-sh/uv/releases/download/0.10.10/uv-x86_64-unknown-linux-musl.tar.gz"
provenance = "github-attestations"

[tools.uv."platforms.macos-arm64"]
checksum = "sha256:8a09f0ef51ee7f7170731b4cb8bde5bf9ba6da5304f49a7df6cdab42a1f37b5d"
url = "https://github.com/astral-sh/uv/releases/download/0.10.10/uv-aarch64-apple-darwin.tar.gz"

[tools.uv."platforms.macos-x64"]
checksum = "sha256:dd18420591d625f9b4ca2b57a7a6fe3cce43910f02e02d90e47a4101428de14a"
url = "https://github.com/astral-sh/uv/releases/download/0.10.10/uv-x86_64-apple-darwin.tar.gz"

[tools.uv."platforms.windows-x64"]
checksum = "sha256:d31a30f1dfb96e630a08d5a9b3f3f551254b7ed6e9b7e495f46a4232661c7252"
url = "https://github.com/astral-sh/uv/releases/download/0.10.10/uv-x86_64-pc-windows-msvc.zip"
